
Microsoft Visual Studio Solution File, Format Version 12.00
# Visual Studio Version 17
VisualStudioVersion = 17.0.31903.59
MinimumVisualStudioVersion = 10.0.40219.1
Project("{9A19103F-16F7-4668-BE54-9A1E7A4F7556}") = "Day8", "Day8\Day8.csproj", "{AB345207-0556-4F0B-A4BA-C2CDB3C61834}"
EndProject
Project("{9A19103F-16F7-4668-BE54-9A1E7A4F7556}") = "Day13", "Day13\Day13.csproj", "{7BB1762A-0051-4ED1-97E6-4D5F64E57EAD}"
EndProject
Project("{9A19103F-16F7-4668-BE54-9A1E7A4F7556}") = "Day12", "Day12\Day12.csproj", "{F6BFB85C-E31E-4DF2-80FC-273E3D201076}"
EndProject
Project("{9A19103F-16F7-4668-BE54-9A1E7A4F7556}") = "Day19", "Day19\Day19.csproj", "{D21DFF4B-3794-427E-8899-2CE819D37AE8}"
EndProject
Project("{9A19103F-16F7-4668-BE54-9A1E7A4F7556}") = "Fprog.Algorithms.Common", "Fprog.Algorithms.Common\Fprog.Algorithms.Common.csproj", "{E3039B6B-3D07-4127-A811-8267AFC31941}"
EndProject
Project("{9A19103F-16F7-4668-BE54-9A1E7A4F7556}") = "Fprog.Algorithms.CommonTest", "Fprog.Algorithms.CommonTest\Fprog.Algorithms.CommonTest.csproj", "{6790E86C-5F16-42DE-BDF4-43D7BCD34C72}"
EndProject
Project("{9A19103F-16F7-4668-BE54-9A1E7A4F7556}") = "Common.Parsing", "Common.Parsing\Common.Parsing.csproj", "{C515B05B-D557-4427-955F-A1C3832BBEB7}"
EndProject
Project("{2150E333-8FDC-42A3-9474-1A3956D46DE8}") = "Solution Items", "Solution Items", "{4D862D00-01CD-48AF-8B7B-08220A3B894C}"
	ProjectSection(SolutionItems) = preProject
		Graded.yaml = Graded.yaml
	EndProjectSection
EndProject
Global
	GlobalSection(SolutionConfigurationPlatforms) = preSolution
		Debug|Any CPU = Debug|Any CPU
		Release|Any CPU = Release|Any CPU
	EndGlobalSection
	GlobalSection(ProjectConfigurationPlatforms) = postSolution
		{AB345207-0556-4F0B-A4BA-C2CDB3C61834}.Debug|Any CPU.ActiveCfg = Debug|Any CPU
		{AB345207-0556-4F0B-A4BA-C2CDB3C61834}.Debug|Any CPU.Build.0 = Debug|Any CPU
		{AB345207-0556-4F0B-A4BA-C2CDB3C61834}.Release|Any CPU.ActiveCfg = Release|Any CPU
		{AB345207-0556-4F0B-A4BA-C2CDB3C61834}.Release|Any CPU.Build.0 = Release|Any CPU
		{7BB1762A-0051-4ED1-97E6-4D5F64E57EAD}.Debug|Any CPU.ActiveCfg = Debug|Any CPU
		{7BB1762A-0051-4ED1-97E6-4D5F64E57EAD}.Debug|Any CPU.Build.0 = Debug|Any CPU
		{7BB1762A-0051-4ED1-97E6-4D5F64E57EAD}.Release|Any CPU.ActiveCfg = Release|Any CPU
		{7BB1762A-0051-4ED1-97E6-4D5F64E57EAD}.Release|Any CPU.Build.0 = Release|Any CPU
		{F6BFB85C-E31E-4DF2-80FC-273E3D201076}.Debug|Any CPU.ActiveCfg = Debug|Any CPU
		{F6BFB85C-E31E-4DF2-80FC-273E3D201076}.Debug|Any CPU.Build.0 = Debug|Any CPU
		{F6BFB85C-E31E-4DF2-80FC-273E3D201076}.Release|Any CPU.ActiveCfg = Release|Any CPU
		{F6BFB85C-E31E-4DF2-80FC-273E3D201076}.Release|Any CPU.Build.0 = Release|Any CPU
		{D21DFF4B-3794-427E-8899-2CE819D37AE8}.Debug|Any CPU.ActiveCfg = Debug|Any CPU
		{D21DFF4B-3794-427E-8899-2CE819D37AE8}.Debug|Any CPU.Build.0 = Debug|Any CPU
		{D21DFF4B-3794-427E-8899-2CE819D37AE8}.Release|Any CPU.ActiveCfg = Release|Any CPU
		{D21DFF4B-3794-427E-8899-2CE819D37AE8}.Release|Any CPU.Build.0 = Release|Any CPU
		{E3039B6B-3D07-4127-A811-8267AFC31941}.Debug|Any CPU.ActiveCfg = Debug|Any CPU
		{E3039B6B-3D07-4127-A811-8267AFC31941}.Debug|Any CPU.Build.0 = Debug|Any CPU
		{E3039B6B-3D07-4127-A811-8267AFC31941}.Release|Any CPU.ActiveCfg = Release|Any CPU
		{E3039B6B-3D07-4127-A811-8267AFC31941}.Release|Any CPU.Build.0 = Release|Any CPU
		{6790E86C-5F16-42DE-BDF4-43D7BCD34C72}.Debug|Any CPU.ActiveCfg = Debug|Any CPU
		{6790E86C-5F16-42DE-BDF4-43D7BCD34C72}.Debug|Any CPU.Build.0 = Debug|Any CPU
		{6790E86C-5F16-42DE-BDF4-43D7BCD34C72}.Release|Any CPU.ActiveCfg = Release|Any CPU
		{6790E86C-5F16-42DE-BDF4-43D7BCD34C72}.Release|Any CPU.Build.0 = Release|Any CPU
		{C515B05B-D557-4427-955F-A1C3832BBEB7}.Debug|Any CPU.ActiveCfg = Debug|Any CPU
		{C515B05B-D557-4427-955F-A1C3832BBEB7}.Debug|Any CPU.Build.0 = Debug|Any CPU
		{C515B05B-D557-4427-955F-A1C3832BBEB7}.Release|Any CPU.ActiveCfg = Release|Any CPU
		{C515B05B-D557-4427-955F-A1C3832BBEB7}.Release|Any CPU.Build.0 = Release|Any CPU
	EndGlobalSection
	GlobalSection(SolutionProperties) = preSolution
		HideSolutionNode = FALSE
	EndGlobalSection
	GlobalSection(ExtensibilityGlobals) = postSolution
		SolutionGuid = {4F56F3C3-F5A4-4BDE-8EF5-FF700FE88E48}
	EndGlobalSection
EndGlobal
